// !$*UTF8*$!
{
	archiveVersion = 1;
	classes = {
	};
	objectVersion = 50;
	objects = {

/* Begin PBXBuildFile section */
		680754DC2637D6BA0055C687 /* CMObject.swift in Sources */ = {isa = PBXBuildFile; fileRef = 680754DB2637D6BA0055C687 /* CMObject.swift */; };
		680754DE2637D7820055C687 /* Protocols.swift in Sources */ = {isa = PBXBuildFile; fileRef = 680754DD2637D7820055C687 /* Protocols.swift */; };
		6846AC7526500A4C0069AC48 /* CMManager.swift in Sources */ = {isa = PBXBuildFile; fileRef = 6846AC7426500A4C0069AC48 /* CMManager.swift */; };
		688A67B0264CB4120015F953 /* BaseViewController.swift in Sources */ = {isa = PBXBuildFile; fileRef = 688A67AF264CB4120015F953 /* BaseViewController.swift */; };
		68EF716C2637CF77000C6BCB /* AppDelegate.swift in Sources */ = {isa = PBXBuildFile; fileRef = 68EF716B2637CF77000C6BCB /* AppDelegate.swift */; };
		68EF716E2637CF77000C6BCB /* SceneDelegate.swift in Sources */ = {isa = PBXBuildFile; fileRef = 68EF716D2637CF77000C6BCB /* SceneDelegate.swift */; };
		68EF71732637CF77000C6BCB /* Main.storyboard in Resources */ = {isa = PBXBuildFile; fileRef = 68EF71712637CF77000C6BCB /* Main.storyboard */; };
		68EF71752637CF80000C6BCB /* Assets.xcassets in Resources */ = {isa = PBXBuildFile; fileRef = 68EF71742637CF80000C6BCB /* Assets.xcassets */; };
		68EF71782637CF80000C6BCB /* LaunchScreen.storyboard in Resources */ = {isa = PBXBuildFile; fileRef = 68EF71762637CF80000C6BCB /* LaunchScreen.storyboard */; };
		68EF71802637CFD1000C6BCB /* CMListViewController.swift in Sources */ = {isa = PBXBuildFile; fileRef = 68EF717F2637CFD1000C6BCB /* CMListViewController.swift */; };
		68EF71822637CFE4000C6BCB /* UpdateViewController.swift in Sources */ = {isa = PBXBuildFile; fileRef = 68EF71812637CFE4000C6BCB /* UpdateViewController.swift */; };
		68EF71842637CFF0000C6BCB /* SaveViewController.swift in Sources */ = {isa = PBXBuildFile; fileRef = 68EF71832637CFF0000C6BCB /* SaveViewController.swift */; };
		68EF71862637D017000C6BCB /* CustomCMListTableViewCell.swift in Sources */ = {isa = PBXBuildFile; fileRef = 68EF71852637D017000C6BCB /* CustomCMListTableViewCell.swift */; };
/* End PBXBuildFile section */

/* Begin PBXFileReference section */
		680754DB2637D6BA0055C687 /* CMObject.swift */ = {isa = PBXFileReference; lastKnownFileType = sourcecode.swift; path = CMObject.swift; sourceTree = "<group>"; };
		680754DD2637D7820055C687 /* Protocols.swift */ = {isa = PBXFileReference; lastKnownFileType = sourcecode.swift; path = Protocols.swift; sourceTree = "<group>"; };
		6846AC7426500A4C0069AC48 /* CMManager.swift */ = {isa = PBXFileReference; lastKnownFileType = sourcecode.swift; path = CMManager.swift; sourceTree = "<group>"; };
		688A67AF264CB4120015F953 /* BaseViewController.swift */ = {isa = PBXFileReference; lastKnownFileType = sourcecode.swift; path = BaseViewController.swift; sourceTree = "<group>"; };
		68EF71682637CF77000C6BCB /* CMList.app */ = {isa = PBXFileReference; explicitFileType = wrapper.application; includeInIndex = 0; path = CMList.app; sourceTree = BUILT_PRODUCTS_DIR; };
		68EF716B2637CF77000C6BCB /* AppDelegate.swift */ = {isa = PBXFileReference; lastKnownFileType = sourcecode.swift; path = AppDelegate.swift; sourceTree = "<group>"; };
		68EF716D2637CF77000C6BCB /* SceneDelegate.swift */ = {isa = PBXFileReference; lastKnownFileType = sourcecode.swift; path = SceneDelegate.swift; sourceTree = "<group>"; };
		68EF71722637CF77000C6BCB /* Base */ = {isa = PBXFileReference; lastKnownFileType = file.storyboard; name = Base; path = Base.lproj/Main.storyboard; sourceTree = "<group>"; };
		68EF71742637CF80000C6BCB /* Assets.xcassets */ = {isa = PBXFileReference; lastKnownFileType = folder.assetcatalog; path = Assets.xcassets; sourceTree = "<group>"; };
		68EF71772637CF80000C6BCB /* Base */ = {isa = PBXFileReference; lastKnownFileType = file.storyboard; name = Base; path = Base.lproj/LaunchScreen.storyboard; sourceTree = "<group>"; };
		68EF71792637CF80000C6BCB /* Info.plist */ = {isa = PBXFileReference; lastKnownFileType = text.plist.xml; path = Info.plist; sourceTree = "<group>"; };
		68EF717F2637CFD1000C6BCB /* CMListViewController.swift */ = {isa = PBXFileReference; lastKnownFileType = sourcecode.swift; path = CMListViewController.swift; sourceTree = "<group>"; };
		68EF71812637CFE4000C6BCB /* UpdateViewController.swift */ = {isa = PBXFileReference; lastKnownFileType = sourcecode.swift; path = UpdateViewController.swift; sourceTree = "<group>"; };
		68EF71832637CFF0000C6BCB /* SaveViewController.swift */ = {isa = PBXFileReference; lastKnownFileType = sourcecode.swift; path = SaveViewController.swift; sourceTree = "<group>"; };
		68EF71852637D017000C6BCB /* CustomCMListTableViewCell.swift */ = {isa = PBXFileReference; lastKnownFileType = sourcecode.swift; path = CustomCMListTableViewCell.swift; sourceTree = "<group>"; };
/* End PBXFileReference section */

/* Begin PBXFrameworksBuildPhase section */
		68EF71652637CF77000C6BCB /* Frameworks */ = {
			isa = PBXFrameworksBuildPhase;
			buildActionMask = 2147483647;
			files = (
			);
			runOnlyForDeploymentPostprocessing = 0;
		};
/* End PBXFrameworksBuildPhase section */

/* Begin PBXGroup section */
		688A67B1264CB4300015F953 /* ViewController */ = {
			isa = PBXGroup;
			children = (
				68EF71872637D01D000C6BCB /* CMList */,
				688A67AF264CB4120015F953 /* BaseViewController.swift */,
				68EF71812637CFE4000C6BCB /* UpdateViewController.swift */,
				68EF71832637CFF0000C6BCB /* SaveViewController.swift */,
			);
			path = ViewController;
			sourceTree = "<group>";
		};
		688A67B2264CB4580015F953 /* View */ = {
			isa = PBXGroup;
			children = (
				68EF71712637CF77000C6BCB /* Main.storyboard */,
				68EF71762637CF80000C6BCB /* LaunchScreen.storyboard */,
			);
			path = View;
			sourceTree = "<group>";
		};
		68EB23D6264A829B00258C0D /* Protocol */ = {
			isa = PBXGroup;
			children = (
				680754DD2637D7820055C687 /* Protocols.swift */,
			);
			path = Protocol;
			sourceTree = "<group>";
		};
		68EF715F2637CF77000C6BCB = {
			isa = PBXGroup;
			children = (
				68EF716A2637CF77000C6BCB /* CMListAddUpdateBackDataPassDemo */,
				68EF71692637CF77000C6BCB /* Products */,
			);
			sourceTree = "<group>";
		};
		68EF71692637CF77000C6BCB /* Products */ = {
			isa = PBXGroup;
			children = (
				68EF71682637CF77000C6BCB /* CMList.app */,
			);
			name = Products;
			sourceTree = "<group>";
		};
		68EF716A2637CF77000C6BCB /* CMListAddUpdateBackDataPassDemo */ = {
			isa = PBXGroup;
			children = (
				68EB23D6264A829B00258C0D /* Protocol */,
				688A67B2264CB4580015F953 /* View */,
				688A67B1264CB4300015F953 /* ViewController */,
				68EF716B2637CF77000C6BCB /* AppDelegate.swift */,
				68EF716D2637CF77000C6BCB /* SceneDelegate.swift */,
				68EF71742637CF80000C6BCB /* Assets.xcassets */,
				68EF71792637CF80000C6BCB /* Info.plist */,
			);
			path = CMListAddUpdateBackDataPassDemo;
			sourceTree = "<group>";
		};
		68EF71872637D01D000C6BCB /* CMList */ = {
			isa = PBXGroup;
			children = (
				68EF717F2637CFD1000C6BCB /* CMListViewController.swift */,
				68EF71852637D017000C6BCB /* CustomCMListTableViewCell.swift */,
				680754DB2637D6BA0055C687 /* CMObject.swift */,
				6846AC7426500A4C0069AC48 /* CMManager.swift */,
			);
			path = CMList;
			sourceTree = "<group>";
		};
/* End PBXGroup section */

/* Begin PBXNativeTarget section */
		68EF71672637CF77000C6BCB /* CMListAddUpdateBackDataPassDemo */ = {
			isa = PBXNativeTarget;
			buildConfigurationList = 68EF717C2637CF80000C6BCB /* Build configuration list for PBXNativeTarget "CMListAddUpdateBackDataPassDemo" */;
			buildPhases = (
				68EF71642637CF77000C6BCB /* Sources */,
				68EF71652637CF77000C6BCB /* Frameworks */,
				68EF71662637CF77000C6BCB /* Resources */,
			);
			buildRules = (
			);
			dependencies = (
			);
			name = CMListAddUpdateBackDataPassDemo;
			productName = CMListAddUpdateBackDataPassDemo;
			productReference = 68EF71682637CF77000C6BCB /* CMList.app */;
			productType = "com.apple.product-type.application";
		};
/* End PBXNativeTarget section */

/* Begin PBXProject section */
		68EF71602637CF77000C6BCB /* Project object */ = {
			isa = PBXProject;
			attributes = {
				LastSwiftUpdateCheck = 1130;
				LastUpgradeCheck = 1130;
				ORGANIZATIONNAME = Mirajkar;
				TargetAttributes = {
					68EF71672637CF77000C6BCB = {
						CreatedOnToolsVersion = 11.3.1;
					};
				};
			};
			buildConfigurationList = 68EF71632637CF77000C6BCB /* Build configuration list for PBXProject "CMListAddUpdateBackDataPassDemo" */;
			compatibilityVersion = "Xcode 9.3";
			developmentRegion = en;
			hasScannedForEncodings = 0;
			knownRegions = (
				en,
				Base,
			);
			mainGroup = 68EF715F2637CF77000C6BCB;
			productRefGroup = 68EF71692637CF77000C6BCB /* Products */;
			projectDirPath = "";
			projectRoot = "";
			targets = (
				68EF71672637CF77000C6BCB /* CMListAddUpdateBackDataPassDemo */,
			);
		};
/* End PBXProject section */

/* Begin PBXResourcesBuildPhase section */
		68EF71662637CF77000C6BCB /* Resources */ = {
			isa = PBXResourcesBuildPhase;
			buildActionMask = 2147483647;
			files = (
				68EF71782637CF80000C6BCB /* LaunchScreen.storyboard in Resources */,
				68EF71752637CF80000C6BCB /* Assets.xcassets in Resources */,
				68EF71732637CF77000C6BCB /* Main.storyboard in Resources */,
			);
			runOnlyForDeploymentPostprocessing = 0;
		};
/* End PBXResourcesBuildPhase section */

/* Begin PBXSourcesBuildPhase section */
		68EF71642637CF77000C6BCB /* Sources */ = {
			isa = PBXSourcesBuildPhase;
			buildActionMask = 2147483647;
			files = (
				680754DC2637D6BA0055C687 /* CMObject.swift in Sources */,
				68EF716C2637CF77000C6BCB /* AppDelegate.swift in Sources */,
				68EF71842637CFF0000C6BCB /* SaveViewController.swift in Sources */,
				68EF71862637D017000C6BCB /* CustomCMListTableViewCell.swift in Sources */,
				680754DE2637D7820055C687 /* Protocols.swift in Sources */,
				688A67B0264CB4120015F953 /* BaseViewController.swift in Sources */,
				68EF716E2637CF77000C6BCB /* SceneDelegate.swift in Sources */,
				6846AC7526500A4C0069AC48 /* CMManager.swift in Sources */,
				68EF71802637CFD1000C6BCB /* CMListViewController.swift in Sources */,
				68EF71822637CFE4000C6BCB /* UpdateViewController.swift in Sources */,
			);
			runOnlyForDeploymentPostprocessing = 0;
		};
/* End PBXSourcesBuildPhase section */

/* Begin PBXVariantGroup section */
		68EF71712637CF77000C6BCB /* Main.storyboard */ = {
			isa = PBXVariantGroup;
			children = (
				68EF71722637CF77000C6BCB /* Base */,
			);
			name = Main.storyboard;
			sourceTree = "<group>";
		};
		68EF71762637CF80000C6BCB /* LaunchScreen.storyboard */ = {
			isa = PBXVariantGroup;
			children = (
				68EF71772637CF80000C6BCB /* Base */,
			);
			name = LaunchScreen.storyboard;
			sourceTree = "<group>";
		};
/* End PBXVariantGroup section */

/* Begin XCBuildConfiguration section */
		68EF717A2637CF80000C6BCB /* Debug */ = {
			isa = XCBuildConfiguration;
			buildSettings = {
				ALWAYS_SEARCH_USER_PATHS = NO;
				CLANG_ANALYZER_NONNULL = YES;
				CLANG_ANALYZER_NUMBER_OBJECT_CONVERSION = YES_AGGRESSIVE;
				CLANG_CXX_LANGUAGE_STANDARD = "gnu++14";
				CLANG_CXX_LIBRARY = "libc++";
				CLANG_ENABLE_MODULES = YES;
				CLANG_ENABLE_OBJC_ARC = YES;
				CLANG_ENABLE_OBJC_WEAK = YES;
				CLANG_WARN_BLOCK_CAPTURE_AUTORELEASING = YES;
				CLANG_WARN_BOOL_CONVERSION = YES;
				CLANG_WARN_COMMA = YES;
				CLANG_WARN_CONSTANT_CONVERSION = YES;
				CLANG_WARN_DEPRECATED_OBJC_IMPLEMENTATIONS = YES;
				CLANG_WARN_DIRECT_OBJC_ISA_USAGE = YES_ERROR;
				CLANG_WARN_DOCUMENTATION_COMMENTS = YES;
				CLANG_WARN_EMPTY_BODY = YES;
				CLANG_WARN_ENUM_CONVERSION = YES;
				CLANG_WARN_INFINITE_RECURSION = YES;
				CLANG_WARN_INT_CONVERSION = YES;
				CLANG_WARN_NON_LITERAL_NULL_CONVERSION = YES;
				CLANG_WARN_OBJC_IMPLICIT_RETAIN_SELF = YES;
				CLANG_WARN_OBJC_LITERAL_CONVERSION = YES;
				CLANG_WARN_OBJC_ROOT_CLASS = YES_ERROR;
				CLANG_WARN_RANGE_LOOP_ANALYSIS = YES;
				CLANG_WARN_STRICT_PROTOTYPES = YES;
				CLANG_WARN_SUSPICIOUS_MOVE = YES;
				CLANG_WARN_UNGUARDED_AVAILABILITY = YES_AGGRESSIVE;
				CLANG_WARN_UNREACHABLE_CODE = YES;
				CLANG_WARN__DUPLICATE_METHOD_MATCH = YES;
				COPY_PHASE_STRIP = NO;
				DEBUG_INFORMATION_FORMAT = dwarf;
				ENABLE_STRICT_OBJC_MSGSEND = YES;
				ENABLE_TESTABILITY = YES;
				GCC_C_LANGUAGE_STANDARD = gnu11;
				GCC_DYNAMIC_NO_PIC = NO;
				GCC_NO_COMMON_BLOCKS = YES;
				GCC_OPTIMIZATION_LEVEL = 0;
				GCC_PREPROCESSOR_DEFINITIONS = (
					"DEBUG=1",
					"$(inherited)",
				);
				GCC_WARN_64_TO_32_BIT_CONVERSION = YES;
				GCC_WARN_ABOUT_RETURN_TYPE = YES_ERROR;
				GCC_WARN_UNDECLARED_SELECTOR = YES;
				GCC_WARN_UNINITIALIZED_AUTOS = YES_AGGRESSIVE;
				GCC_WARN_UNUSED_FUNCTION = YES;
				GCC_WARN_UNUSED_VARIABLE = YES;
				IPHONEOS_DEPLOYMENT_TARGET = 13.2;
				MTL_ENABLE_DEBUG_INFO = INCLUDE_SOURCE;
				MTL_FAST_MATH = YES;
				ONLY_ACTIVE_ARCH = YES;
				SDKROOT = iphoneos;
				SWIFT_ACTIVE_COMPILATION_CONDITIONS = DEBUG;
				SWIFT_OPTIMIZATION_LEVEL = "-Onone";
			};
			name = Debug;
		};
		68EF717B2637CF80000C6BCB /* Release */ = {
			isa = XCBuildConfiguration;
			buildSettings = {
				ALWAYS_SEARCH_USER_PATHS = NO;
				CLANG_ANALYZER_NONNULL = YES;
				CLANG_ANALYZER_NUMBER_OBJECT_CONVERSION = YES_AGGRESSIVE;
				CLANG_CXX_LANGUAGE_STANDARD = "gnu++14";
				CLANG_CXX_LIBRARY = "libc++";
				CLANG_ENABLE_MODULES = YES;
				CLANG_ENABLE_OBJC_ARC = YES;
				CLANG_ENABLE_OBJC_WEAK = YES;
				CLANG_WARN_BLOCK_CAPTURE_AUTORELEASING = YES;
				CLANG_WARN_BOOL_CONVERSION = YES;
				CLANG_WARN_COMMA = YES;
				CLANG_WARN_CONSTANT_CONVERSION = YES;
				CLANG_WARN_DEPRECATED_OBJC_IMPLEMENTATIONS = YES;
				CLANG_WARN_DIRECT_OBJC_ISA_USAGE = YES_ERROR;
				CLANG_WARN_DOCUMENTATION_COMMENTS = YES;
				CLANG_WARN_EMPTY_BODY = YES;
				CLANG_WARN_ENUM_CONVERSION = YES;
				CLANG_WARN_INFINITE_RECURSION = YES;
				CLANG_WARN_INT_CONVERSION = YES;
				CLANG_WARN_NON_LITERAL_NULL_CONVERSION = YES;
				CLANG_WARN_OBJC_IMPLICIT_RETAIN_SELF = YES;
				CLANG_WARN_OBJC_LITERAL_CONVERSION = YES;
				CLANG_WARN_OBJC_ROOT_CLASS = YES_ERROR;
				CLANG_WARN_RANGE_LOOP_ANALYSIS = YES;
				CLANG_WARN_STRICT_PROTOTYPES = YES;
				CLANG_WARN_SUSPICIOUS_MOVE = YES;
				CLANG_WARN_UNGUARDED_AVAILABILITY = YES_AGGRESSIVE;
				CLANG_WARN_UNREACHABLE_CODE = YES;
				CLANG_WARN__DUPLICATE_METHOD_MATCH = YES;
				COPY_PHASE_STRIP = NO;
				DEBUG_INFORMATION_FORMAT = "dwarf-with-dsym";
				ENABLE_NS_ASSERTIONS = NO;
				ENABLE_STRICT_OBJC_MSGSEND = YES;
				GCC_C_LANGUAGE_STANDARD = gnu11;
				GCC_NO_COMMON_BLOCKS = YES;
				GCC_WARN_64_TO_32_BIT_CONVERSION = YES;
				GCC_WARN_ABOUT_RETURN_TYPE = YES_ERROR;
				GCC_WARN_UNDECLARED_SELECTOR = YES;
				GCC_WARN_UNINITIALIZED_AUTOS = YES_AGGRESSIVE;
				GCC_WARN_UNUSED_FUNCTION = YES;
				GCC_WARN_UNUSED_VARIABLE = YES;
				IPHONEOS_DEPLOYMENT_TARGET = 13.2;
				MTL_ENABLE_DEBUG_INFO = NO;
				MTL_FAST_MATH = YES;
				SDKROOT = iphoneos;
				SWIFT_COMPILATION_MODE = wholemodule;
				SWIFT_OPTIMIZATION_LEVEL = "-O";
				VALIDATE_PRODUCT = YES;
			};
			name = Release;
		};
		68EF717D2637CF80000C6BCB /* Debug */ = {
			isa = XCBuildConfiguration;
			buildSettings = {
				ASSETCATALOG_COMPILER_APPICON_NAME = AppIcon;
				CODE_SIGN_STYLE = Automatic;
				INFOPLIST_FILE = CMListAddUpdateBackDataPassDemo/Info.plist;
				LD_RUNPATH_SEARCH_PATHS = (
					"$(inherited)",
					"@executable_path/Frameworks",
				);
				PRODUCT_BUNDLE_IDENTIFIER = com.suraj.CMListAddUpdateBackDataPassDemo;
				PRODUCT_NAME = CMList;
				SWIFT_VERSION = 5.0;
				TARGETED_DEVICE_FAMILY = "1,2";
			};
			name = Debug;
		};
		68EF717E2637CF80000C6BCB /* Release */ = {
			isa = XCBuildConfiguration;
			buildSettings = {
				ASSETCATALOG_COMPILER_APPICON_NAME = AppIcon;
				CODE_SIGN_STYLE = Automatic;
				INFOPLIST_FILE = CMListAddUpdateBackDataPassDemo/Info.plist;
				LD_RUNPATH_SEARCH_PATHS = (
					"$(inherited)",
					"@executable_path/Frameworks",
				);
				PRODUCT_BUNDLE_IDENTIFIER = com.suraj.CMListAddUpdateBackDataPassDemo;
				PRODUCT_NAME = CMList;
				SWIFT_VERSION = 5.0;
				TARGETED_DEVICE_FAMILY = "1,2";
			};
			name = Release;
		};
/* End XCBuildConfiguration section */

/* Begin XCConfigurationList section */
		68EF71632637CF77000C6BCB /* Build configuration list for PBXProject "CMListAddUpdateBackDataPassDemo" */ = {
			isa = XCConfigurationList;
			buildConfigurations = (
				68EF717A2637CF80000C6BCB /* Debug */,
				68EF717B2637CF80000C6BCB /* Release */,
			);
			defaultConfigurationIsVisible = 0;
			defaultConfigurationName = Release;
		};
		68EF717C2637CF80000C6BCB /* Build configuration list for PBXNativeTarget "CMListAddUpdateBackDataPassDemo" */ = {
			isa = XCConfigurationList;
			buildConfigurations = (
				68EF717D2637CF80000C6BCB /* Debug */,
				68EF717E2637CF80000C6BCB /* Release */,
			);
			defaultConfigurationIsVisible = 0;
			defaultConfigurationName = Release;
		};
/* End XCConfigurationList section */
	};
	rootObject = 68EF71602637CF77000C6BCB /* Project object */;
}
